
Microsoft Visual Studio Solution File, Format Version 12.00
# Visual Studio 15
VisualStudioVersion = 15.0.28010.2026
MinimumVisualStudioVersion = 10.0.40219.1
Project("{888888A0-9F3D-457C-B088-3A5042F75D52}") = "torch_learning", "torch_learning\torch_learning.pyproj", "{398EAC87-C9FE-4821-92F9-B49C782D9F43}"
EndProject
Project("{888888A0-9F3D-457C-B088-3A5042F75D52}") = "ESPCN-SR", "ESPCN-SR\ESPCN-SR.pyproj", "{775A52EF-F239-4EA0-88C0-1D794033EAB2}"
EndProject
Project("{888888A0-9F3D-457C-B088-3A5042F75D52}") = "SimpleDNN", "SimpleDNN\SimpleDNN.pyproj", "{6C0429DA-2029-4A2F-AF44-87365D6AF5FA}"
EndProject
Project("{8BC9CEB8-8B4A-11D0-8D11-00A0C91BC942}") = "libtorch", "libtorch\libtorch.vcxproj", "{BFFB5646-5CCD-4A13-AAC6-794C2C2FF78B}"
EndProject
Project("{888888A0-9F3D-457C-B088-3A5042F75D52}") = "Smock_recognition", "Smock_recognition\Smock_recognition.pyproj", "{9940E4F2-12F0-44CF-9D0B-4D302F9E513C}"
EndProject
Project("{888888A0-9F3D-457C-B088-3A5042F75D52}") = "MNIST-pytorch", "ICSTN\MNIST-pytorch.pyproj", "{B8B7C6ED-DFF7-4EF3-AC82-59B4EFBF3EDD}"
EndProject
Global
	GlobalSection(SolutionConfigurationPlatforms) = preSolution
		Debug|Any CPU = Debug|Any CPU
		Debug|x64 = Debug|x64
		Debug|x86 = Debug|x86
		Release|Any CPU = Release|Any CPU
		Release|x64 = Release|x64
		Release|x86 = Release|x86
	EndGlobalSection
	GlobalSection(ProjectConfigurationPlatforms) = postSolution
		{398EAC87-C9FE-4821-92F9-B49C782D9F43}.Debug|Any CPU.ActiveCfg = Debug|Any CPU
		{398EAC87-C9FE-4821-92F9-B49C782D9F43}.Debug|x64.ActiveCfg = Debug|Any CPU
		{398EAC87-C9FE-4821-92F9-B49C782D9F43}.Debug|x86.ActiveCfg = Debug|Any CPU
		{398EAC87-C9FE-4821-92F9-B49C782D9F43}.Release|Any CPU.ActiveCfg = Release|Any CPU
		{398EAC87-C9FE-4821-92F9-B49C782D9F43}.Release|x64.ActiveCfg = Release|Any CPU
		{398EAC87-C9FE-4821-92F9-B49C782D9F43}.Release|x86.ActiveCfg = Release|Any CPU
		{775A52EF-F239-4EA0-88C0-1D794033EAB2}.Debug|Any CPU.ActiveCfg = Debug|Any CPU
		{775A52EF-F239-4EA0-88C0-1D794033EAB2}.Debug|x64.ActiveCfg = Debug|Any CPU
		{775A52EF-F239-4EA0-88C0-1D794033EAB2}.Debug|x86.ActiveCfg = Debug|Any CPU
		{775A52EF-F239-4EA0-88C0-1D794033EAB2}.Release|Any CPU.ActiveCfg = Release|Any CPU
		{775A52EF-F239-4EA0-88C0-1D794033EAB2}.Release|x64.ActiveCfg = Release|Any CPU
		{775A52EF-F239-4EA0-88C0-1D794033EAB2}.Release|x86.ActiveCfg = Release|Any CPU
		{6C0429DA-2029-4A2F-AF44-87365D6AF5FA}.Debug|Any CPU.ActiveCfg = Debug|Any CPU
		{6C0429DA-2029-4A2F-AF44-87365D6AF5FA}.Debug|x64.ActiveCfg = Debug|Any CPU
		{6C0429DA-2029-4A2F-AF44-87365D6AF5FA}.Debug|x86.ActiveCfg = Debug|Any CPU
		{6C0429DA-2029-4A2F-AF44-87365D6AF5FA}.Release|Any CPU.ActiveCfg = Release|Any CPU
		{6C0429DA-2029-4A2F-AF44-87365D6AF5FA}.Release|x64.ActiveCfg = Release|Any CPU
		{6C0429DA-2029-4A2F-AF44-87365D6AF5FA}.Release|x86.ActiveCfg = Release|Any CPU
		{BFFB5646-5CCD-4A13-AAC6-794C2C2FF78B}.Debug|Any CPU.ActiveCfg = Debug|x64
		{BFFB5646-5CCD-4A13-AAC6-794C2C2FF78B}.Debug|x64.ActiveCfg = Debug|x64
		{BFFB5646-5CCD-4A13-AAC6-794C2C2FF78B}.Debug|x64.Build.0 = Debug|x64
		{BFFB5646-5CCD-4A13-AAC6-794C2C2FF78B}.Debug|x86.ActiveCfg = Debug|x64
		{BFFB5646-5CCD-4A13-AAC6-794C2C2FF78B}.Release|Any CPU.ActiveCfg = Release|x64
		{BFFB5646-5CCD-4A13-AAC6-794C2C2FF78B}.Release|x64.ActiveCfg = Release|x64
		{BFFB5646-5CCD-4A13-AAC6-794C2C2FF78B}.Release|x64.Build.0 = Release|x64
		{BFFB5646-5CCD-4A13-AAC6-794C2C2FF78B}.Release|x86.ActiveCfg = Release|x64
		{9940E4F2-12F0-44CF-9D0B-4D302F9E513C}.Debug|Any CPU.ActiveCfg = Debug|Any CPU
		{9940E4F2-12F0-44CF-9D0B-4D302F9E513C}.Debug|x64.ActiveCfg = Debug|Any CPU
		{9940E4F2-12F0-44CF-9D0B-4D302F9E513C}.Debug|x86.ActiveCfg = Debug|Any CPU
		{9940E4F2-12F0-44CF-9D0B-4D302F9E513C}.Release|Any CPU.ActiveCfg = Release|Any CPU
		{9940E4F2-12F0-44CF-9D0B-4D302F9E513C}.Release|x64.ActiveCfg = Release|Any CPU
		{9940E4F2-12F0-44CF-9D0B-4D302F9E513C}.Release|x86.ActiveCfg = Release|Any CPU
		{B8B7C6ED-DFF7-4EF3-AC82-59B4EFBF3EDD}.Debug|Any CPU.ActiveCfg = Debug|Any CPU
		{B8B7C6ED-DFF7-4EF3-AC82-59B4EFBF3EDD}.Debug|x64.ActiveCfg = Debug|Any CPU
		{B8B7C6ED-DFF7-4EF3-AC82-59B4EFBF3EDD}.Debug|x86.ActiveCfg = Debug|Any CPU
		{B8B7C6ED-DFF7-4EF3-AC82-59B4EFBF3EDD}.Release|Any CPU.ActiveCfg = Release|Any CPU
		{B8B7C6ED-DFF7-4EF3-AC82-59B4EFBF3EDD}.Release|x64.ActiveCfg = Release|Any CPU
		{B8B7C6ED-DFF7-4EF3-AC82-59B4EFBF3EDD}.Release|x86.ActiveCfg = Release|Any CPU
	EndGlobalSection
	GlobalSection(SolutionProperties) = preSolution
		HideSolutionNode = FALSE
	EndGlobalSection
	GlobalSection(ExtensibilityGlobals) = postSolution
		SolutionGuid = {1D6D09BE-4C51-4D64-B56C-08B547D9B552}
	EndGlobalSection
EndGlobal
